
Microsoft Visual Studio Solution File, Format Version 12.00
# Visual Studio 14
VisualStudioVersion = 14.0.23107.0
MinimumVisualStudioVersion = 10.0.40219.1
Project("{FAE04EC0-301F-11D3-BF4B-00C04F79EFBC}") = "ChatApp", "ChatApp\ChatApp.csproj", "{7D20B1FA-5298-41AA-BAD2-7F5EA895092F}"
EndProject
Project("{00D1A9C2-B5F0-4AF3-8072-F6C62B433612}") = "Baza", "Baza\Baza.sqlproj", "{ED05929C-7D39-4E4F-9C5A-633AE9DE8477}"
EndProject
Project("{2150E333-8FDC-42A3-9474-1A3956D46DE8}") = "Solution Items", "Solution Items", "{C5E2BADD-F555-48D3-B19E-A777F0E2079E}"
	ProjectSection(SolutionItems) = preProject
		LICENSE.md = LICENSE.md
		README.MD = README.MD
	EndProjectSection
EndProject
Global
	GlobalSection(SolutionConfigurationPlatforms) = preSolution
		Debug|Any CPU = Debug|Any CPU
		Release|Any CPU = Release|Any CPU
	EndGlobalSection
	GlobalSection(ProjectConfigurationPlatforms) = postSolution
		{7D20B1FA-5298-41AA-BAD2-7F5EA895092F}.Debug|Any CPU.ActiveCfg = Debug|Any CPU
		{7D20B1FA-5298-41AA-BAD2-7F5EA895092F}.Debug|Any CPU.Build.0 = Debug|Any CPU
		{7D20B1FA-5298-41AA-BAD2-7F5EA895092F}.Release|Any CPU.ActiveCfg = Release|Any CPU
		{7D20B1FA-5298-41AA-BAD2-7F5EA895092F}.Release|Any CPU.Build.0 = Release|Any CPU
		{ED05929C-7D39-4E4F-9C5A-633AE9DE8477}.Debug|Any CPU.ActiveCfg = Debug|Any CPU
		{ED05929C-7D39-4E4F-9C5A-633AE9DE8477}.Debug|Any CPU.Build.0 = Debug|Any CPU
		{ED05929C-7D39-4E4F-9C5A-633AE9DE8477}.Debug|Any CPU.Deploy.0 = Debug|Any CPU
		{ED05929C-7D39-4E4F-9C5A-633AE9DE8477}.Release|Any CPU.ActiveCfg = Release|Any CPU
		{ED05929C-7D39-4E4F-9C5A-633AE9DE8477}.Release|Any CPU.Build.0 = Release|Any CPU
		{ED05929C-7D39-4E4F-9C5A-633AE9DE8477}.Release|Any CPU.Deploy.0 = Release|Any CPU
	EndGlobalSection
	GlobalSection(SolutionProperties) = preSolution
		HideSolutionNode = FALSE
	EndGlobalSection
EndGlobal
